
Microsoft Visual Studio Solution File, Format Version 12.00
# Visual Studio Version 17
VisualStudioVersion = 17.13.35931.197 d17.13
MinimumVisualStudioVersion = 10.0.40219.1
Project("{FAE04EC0-301F-11D3-BF4B-00C04F79EFBC}") = "FutebolLigaTabajara", "FutebolLigaTabajara\FutebolLigaTabajara.csproj", "{1B27953E-710B-48A5-A94A-788A6C6DFECD}"
EndProject
Global
	GlobalSection(SolutionConfigurationPlatforms) = preSolution
		Debug|Any CPU = Debug|Any CPU
		Release|Any CPU = Release|Any CPU
	EndGlobalSection
	GlobalSection(ProjectConfigurationPlatforms) = postSolution
		{1B27953E-710B-48A5-A94A-788A6C6DFECD}.Debug|Any CPU.ActiveCfg = Debug|Any CPU
		{1B27953E-710B-48A5-A94A-788A6C6DFECD}.Debug|Any CPU.Build.0 = Debug|Any CPU
		{1B27953E-710B-48A5-A94A-788A6C6DFECD}.Release|Any CPU.ActiveCfg = Release|Any CPU
		{1B27953E-710B-48A5-A94A-788A6C6DFECD}.Release|Any CPU.Build.0 = Release|Any CPU
	EndGlobalSection
	GlobalSection(SolutionProperties) = preSolution
		HideSolutionNode = FALSE
	EndGlobalSection
	GlobalSection(ExtensibilityGlobals) = postSolution
		SolutionGuid = {E86471FD-871A-405C-B893-F6F3AEF75D3A}
	EndGlobalSection
EndGlobal
